
Microsoft Visual Studio Solution File, Format Version 12.00
# Visual Studio Version 16
VisualStudioVersion = 16.0.29920.165
MinimumVisualStudioVersion = 10.0.40219.1
Project("{88A30576-7583-4F75-8136-5EFD2C14ADFF}") = "CrmPackage", "CrmPackage\CrmPackage.csproj", "{C7027909-CFA4-4561-9D6E-59EE3C9B8396}"
	ProjectSection(ProjectDependencies) = postProject
		{485A9868-0CCA-42AE-B89A-E8F51F4A6AEC} = {485A9868-0CCA-42AE-B89A-E8F51F4A6AEC}
		{85036E77-2FCC-4016-B1A0-F9BED62E719B} = {85036E77-2FCC-4016-B1A0-F9BED62E719B}
		{89208095-A5FE-4E04-BB1A-A9F1BC82BDE3} = {89208095-A5FE-4E04-BB1A-A9F1BC82BDE3}
		{8799C4B4-11D2-4743-8578-6E2ADEE727F7} = {8799C4B4-11D2-4743-8578-6E2ADEE727F7}
		{1DDD15F9-A189-4CBC-970F-AC976E49C004} = {1DDD15F9-A189-4CBC-970F-AC976E49C004}
	EndProjectSection
EndProject
Project("{FAE04EC0-301F-11D3-BF4B-00C04F79EFBC}") = "ContactCustomisation", "ContactCustomisation\ContactCustomisation.csproj", "{85036E77-2FCC-4016-B1A0-F9BED62E719B}"
EndProject
Project("{FAE04EC0-301F-11D3-BF4B-00C04F79EFBC}") = "OrganisationCustomisations", "OrganisationCustomisation\OrganisationCustomisations.CSPROJ", "{89208095-A5FE-4E04-BB1A-A9F1BC82BDE3}"
EndProject
Project("{FAE04EC0-301F-11D3-BF4B-00C04F79EFBC}") = "LeadCustomisation", "LeadCustomisation\LeadCustomisation.csproj", "{485A9868-0CCA-42AE-B89A-E8F51F4A6AEC}"
EndProject
Project("{FAE04EC0-301F-11D3-BF4B-00C04F79EFBC}") = "BidReviewCustomisation", "BidReview_Customisation\BidReviewCustomisation.CSPROJ", "{8799C4B4-11D2-4743-8578-6E2ADEE727F7}"
EndProject
Project("{FAE04EC0-301F-11D3-BF4B-00C04F79EFBC}") = "OpportunityCustomizations", "OpportunityCustomisation\OpportunityCustomizations.CSPROJ", "{1DDD15F9-A189-4CBC-970F-AC976E49C004}"
EndProject
Global
	GlobalSection(SolutionConfigurationPlatforms) = preSolution
		Debug|Any CPU = Debug|Any CPU
		Release|Any CPU = Release|Any CPU
	EndGlobalSection
	GlobalSection(ProjectConfigurationPlatforms) = postSolution
		{C7027909-CFA4-4561-9D6E-59EE3C9B8396}.Debug|Any CPU.ActiveCfg = Debug|Any CPU
		{C7027909-CFA4-4561-9D6E-59EE3C9B8396}.Debug|Any CPU.Build.0 = Debug|Any CPU
		{C7027909-CFA4-4561-9D6E-59EE3C9B8396}.Debug|Any CPU.Deploy.0 = Debug|Any CPU
		{C7027909-CFA4-4561-9D6E-59EE3C9B8396}.Release|Any CPU.ActiveCfg = Release|Any CPU
		{C7027909-CFA4-4561-9D6E-59EE3C9B8396}.Release|Any CPU.Build.0 = Release|Any CPU
		{C7027909-CFA4-4561-9D6E-59EE3C9B8396}.Release|Any CPU.Deploy.0 = Release|Any CPU
		{85036E77-2FCC-4016-B1A0-F9BED62E719B}.Debug|Any CPU.ActiveCfg = Debug|Any CPU
		{85036E77-2FCC-4016-B1A0-F9BED62E719B}.Debug|Any CPU.Build.0 = Debug|Any CPU
		{85036E77-2FCC-4016-B1A0-F9BED62E719B}.Release|Any CPU.ActiveCfg = Release|Any CPU
		{85036E77-2FCC-4016-B1A0-F9BED62E719B}.Release|Any CPU.Build.0 = Release|Any CPU
		{89208095-A5FE-4E04-BB1A-A9F1BC82BDE3}.Debug|Any CPU.ActiveCfg = Debug|Any CPU
		{89208095-A5FE-4E04-BB1A-A9F1BC82BDE3}.Debug|Any CPU.Build.0 = Debug|Any CPU
		{89208095-A5FE-4E04-BB1A-A9F1BC82BDE3}.Release|Any CPU.ActiveCfg = Release|Any CPU
		{89208095-A5FE-4E04-BB1A-A9F1BC82BDE3}.Release|Any CPU.Build.0 = Release|Any CPU
		{485A9868-0CCA-42AE-B89A-E8F51F4A6AEC}.Debug|Any CPU.ActiveCfg = Debug|Any CPU
		{485A9868-0CCA-42AE-B89A-E8F51F4A6AEC}.Debug|Any CPU.Build.0 = Debug|Any CPU
		{485A9868-0CCA-42AE-B89A-E8F51F4A6AEC}.Release|Any CPU.ActiveCfg = Release|Any CPU
		{485A9868-0CCA-42AE-B89A-E8F51F4A6AEC}.Release|Any CPU.Build.0 = Release|Any CPU
		{8799C4B4-11D2-4743-8578-6E2ADEE727F7}.Debug|Any CPU.ActiveCfg = Debug|Any CPU
		{8799C4B4-11D2-4743-8578-6E2ADEE727F7}.Debug|Any CPU.Build.0 = Debug|Any CPU
		{8799C4B4-11D2-4743-8578-6E2ADEE727F7}.Release|Any CPU.ActiveCfg = Release|Any CPU
		{8799C4B4-11D2-4743-8578-6E2ADEE727F7}.Release|Any CPU.Build.0 = Release|Any CPU
		{1DDD15F9-A189-4CBC-970F-AC976E49C004}.Debug|Any CPU.ActiveCfg = Debug|Any CPU
		{1DDD15F9-A189-4CBC-970F-AC976E49C004}.Debug|Any CPU.Build.0 = Debug|Any CPU
		{1DDD15F9-A189-4CBC-970F-AC976E49C004}.Release|Any CPU.ActiveCfg = Release|Any CPU
		{1DDD15F9-A189-4CBC-970F-AC976E49C004}.Release|Any CPU.Build.0 = Release|Any CPU
	EndGlobalSection
	GlobalSection(SolutionProperties) = preSolution
		HideSolutionNode = FALSE
	EndGlobalSection
	GlobalSection(ExtensibilityGlobals) = postSolution
		SolutionGuid = {CF4EA536-AED6-4549-98F1-304080157EDD}
	EndGlobalSection
	GlobalSection(CRMSolutionProperties) = preSolution
		SolutionIsBoundToCRM = True
	EndGlobalSection
EndGlobal
