
Microsoft Visual Studio Solution File, Format Version 12.00
# Visual Studio Version 16
VisualStudioVersion = 16.0.29806.167
MinimumVisualStudioVersion = 10.0.40219.1
Project("{FAE04EC0-301F-11D3-BF4B-00C04F79EFBC}") = "CrmPackage", "CrmPackage\CrmPackage.csproj", "{238F1C90-5160-43E3-90D2-04C2F19B13C4}"
	ProjectSection(ProjectDependencies) = postProject
		{C0389C5A-773E-4C27-88E0-20292053C446} = {C0389C5A-773E-4C27-88E0-20292053C446}
	EndProjectSection
EndProject
Project("{FAE04EC0-301F-11D3-BF4B-00C04F79EFBC}") = "OpportunityCustomizations", "OpportunityCustomizations\OpportunityCustomizations.csproj", "{C0389C5A-773E-4C27-88E0-20292053C446}"
EndProject
Global
	GlobalSection(SolutionConfigurationPlatforms) = preSolution
		Debug|Any CPU = Debug|Any CPU
		Release|Any CPU = Release|Any CPU
	EndGlobalSection
	GlobalSection(ProjectConfigurationPlatforms) = postSolution
		{238F1C90-5160-43E3-90D2-04C2F19B13C4}.Debug|Any CPU.ActiveCfg = Debug|Any CPU
		{238F1C90-5160-43E3-90D2-04C2F19B13C4}.Debug|Any CPU.Build.0 = Debug|Any CPU
		{238F1C90-5160-43E3-90D2-04C2F19B13C4}.Debug|Any CPU.Deploy.0 = Debug|Any CPU
		{238F1C90-5160-43E3-90D2-04C2F19B13C4}.Release|Any CPU.ActiveCfg = Release|Any CPU
		{238F1C90-5160-43E3-90D2-04C2F19B13C4}.Release|Any CPU.Build.0 = Release|Any CPU
		{238F1C90-5160-43E3-90D2-04C2F19B13C4}.Release|Any CPU.Deploy.0 = Release|Any CPU
		{C0389C5A-773E-4C27-88E0-20292053C446}.Debug|Any CPU.ActiveCfg = Debug|Any CPU
		{C0389C5A-773E-4C27-88E0-20292053C446}.Debug|Any CPU.Build.0 = Debug|Any CPU
		{C0389C5A-773E-4C27-88E0-20292053C446}.Release|Any CPU.ActiveCfg = Release|Any CPU
		{C0389C5A-773E-4C27-88E0-20292053C446}.Release|Any CPU.Build.0 = Release|Any CPU
	EndGlobalSection
	GlobalSection(SolutionProperties) = preSolution
		HideSolutionNode = FALSE
	EndGlobalSection
	GlobalSection(ExtensibilityGlobals) = postSolution
		SolutionGuid = {B1F84C99-429B-4197-975E-B0A049ACEE65}
	EndGlobalSection
	GlobalSection(CRMSolutionProperties) = preSolution
		SolutionIsBoundToCRM = True
	EndGlobalSection
EndGlobal
